github.com/marcelo-caetano/wowchemy-block-pager v0.0.0-20221127164742-7fc522a8da91 h1:Omp5JYGdgOBjD/sI4x7acX6RnFzEm5yC77ifkD8H/yo=
github.com/marcelo-caetano/wowchemy-block-pager v0.0.0-20221127164742-7fc522a8da91/go.mod h1:VkG2bNCrOQf36jVSp/Dllorohcz75KH5+UxTYIm0pgQ=
github.com/wowchemy/wowchemy-hugo-modules/wowchemy-cms/v5 v5.0.0-20220423180919-17d5d3f0ca43 h1:p6ln1ioL16uDrsdWZkZTABRMHKgY1F9S/yEGyQe3hKM=
github.com/wowchemy/wowchemy-hugo-modules/wowchemy-cms/v5 v5.0.0-20220423180919-17d5d3f0ca43/go.mod h1:Sp/AKo+2HAPi/IPHp1MEdKPmee+mzO5+efUBUPLPqPE=
github.com/wowchemy/wowchemy-hugo-modules/wowchemy/v5 v5.0.0-20220423180919-17d5d3f0ca43 h1:V7AKJ/rPhoFcFmaZoTiVRgEf2QrBxsh7zp42IykV5mg=
github.com/wowchemy/wowchemy-hugo-modules/wowchemy/v5 v5.0.0-20220423180919-17d5d3f0ca43/go.mod h1:2iL9rdrUYyJXX2BeHKfK+QbqZlubCsaR60nQ87NRQTY=
